
Microsoft Visual Studio Solution File, Format Version 12.00
# Visual Studio 15
VisualStudioVersion = 15.0.28307.421
MinimumVisualStudioVersion = 10.0.40219.1
Project("{F2A71F9B-5D33-465A-A702-920D77279786}") = "TicTacToe_Game", "TicTacToe_Game\TicTacToe_Game.fsproj", "{23612E00-FC0D-4FDD-824E-4364F4B674B5}"
EndProject
Project("{F2A71F9B-5D33-465A-A702-920D77279786}") = "TicTacToeGame_Tests", "TocTacToeGame_Tests\TicTacToeGame_Tests.fsproj", "{F5FDF610-F5AD-4082-8DFE-8CE4B10361BB}"
EndProject
Global
	GlobalSection(SolutionConfigurationPlatforms) = preSolution
		Debug|Any CPU = Debug|Any CPU
		Release|Any CPU = Release|Any CPU
	EndGlobalSection
	GlobalSection(ProjectConfigurationPlatforms) = postSolution
		{23612E00-FC0D-4FDD-824E-4364F4B674B5}.Debug|Any CPU.ActiveCfg = Debug|Any CPU
		{23612E00-FC0D-4FDD-824E-4364F4B674B5}.Debug|Any CPU.Build.0 = Debug|Any CPU
		{23612E00-FC0D-4FDD-824E-4364F4B674B5}.Release|Any CPU.ActiveCfg = Release|Any CPU
		{23612E00-FC0D-4FDD-824E-4364F4B674B5}.Release|Any CPU.Build.0 = Release|Any CPU
		{F5FDF610-F5AD-4082-8DFE-8CE4B10361BB}.Debug|Any CPU.ActiveCfg = Debug|Any CPU
		{F5FDF610-F5AD-4082-8DFE-8CE4B10361BB}.Debug|Any CPU.Build.0 = Debug|Any CPU
		{F5FDF610-F5AD-4082-8DFE-8CE4B10361BB}.Release|Any CPU.ActiveCfg = Release|Any CPU
		{F5FDF610-F5AD-4082-8DFE-8CE4B10361BB}.Release|Any CPU.Build.0 = Release|Any CPU
	EndGlobalSection
	GlobalSection(SolutionProperties) = preSolution
		HideSolutionNode = FALSE
	EndGlobalSection
	GlobalSection(ExtensibilityGlobals) = postSolution
		SolutionGuid = {3A90FBDC-E62C-4B4F-81A8-4494A50D9E05}
	EndGlobalSection
EndGlobal
